// !$*UTF8*$!
{
	archiveVersion = 1;
	classes = {
	};
	objectVersion = 77;
	objects = {

/* Begin PBXBuildFile section */
		BC78C91F2D306E5700391561 /* ChukShowcaseApp.swift in Sources */ = {isa = PBXBuildFile; fileRef = BC78C90E2D306E5700391561 /* ChukShowcaseApp.swift */; };
		BC78C9202D306E5700391561 /* AudioPlayerService.swift in Sources */ = {isa = PBXBuildFile; fileRef = BC78C9112D306E5700391561 /* AudioPlayerService.swift */; };
		BC78C9212D306E5700391561 /* AudioCodeView.swift in Sources */ = {isa = PBXBuildFile; fileRef = BC78C9132D306E5700391561 /* AudioCodeView.swift */; };
		BC78C9222D306E5700391561 /* AudioDemoView.swift in Sources */ = {isa = PBXBuildFile; fileRef = BC78C9142D306E5700391561 /* AudioDemoView.swift */; };
		BC78C9232D306E5700391561 /* ShowcaseView.swift in Sources */ = {isa = PBXBuildFile; fileRef = BC78C9172D306E5700391561 /* ShowcaseView.swift */; };
		BC78C9242D306E5700391561 /* Preview Assets.xcassets in Resources */ = {isa = PBXBuildFile; fileRef = BC78C9192D306E5700391561 /* Preview Assets.xcassets */; };
		BC78C9252D306E5700391561 /* Assets.xcassets in Resources */ = {isa = PBXBuildFile; fileRef = BC78C91B2D306E5700391561 /* Assets.xcassets */; };
		BC78C92A2D306EAD00391561 /* ShowcaseManager.swift in Sources */ = {isa = PBXBuildFile; fileRef = BC78C9292D306EAD00391561 /* ShowcaseManager.swift */; };
		BC78C9302D3070A500391561 /* CodeBlockView.swift in Sources */ = {isa = PBXBuildFile; fileRef = BC78C92F2D3070A500391561 /* CodeBlockView.swift */; };
		BC78C9322D3071BA00391561 /* Coordinator.swift in Sources */ = {isa = PBXBuildFile; fileRef = BC78C9312D3071AD00391561 /* Coordinator.swift */; };
		BC78C9342D3072CA00391561 /* CoordinatorView.swift in Sources */ = {isa = PBXBuildFile; fileRef = BC78C9332D3072CA00391561 /* CoordinatorView.swift */; };
		BC78C9382D30736A00391561 /* ColorManager.swift in Sources */ = {isa = PBXBuildFile; fileRef = BC78C9372D30736A00391561 /* ColorManager.swift */; };
		BC839FB22D3175DE00D92776 /* CalendarHelper.swift in Sources */ = {isa = PBXBuildFile; fileRef = BC839FB12D3175DE00D92776 /* CalendarHelper.swift */; };
		BC839FB52D31761100D92776 /* DateValue.swift in Sources */ = {isa = PBXBuildFile; fileRef = BC839FB42D31761100D92776 /* DateValue.swift */; };
		BC839FB82D31769100D92776 /* Date+Ext.swift in Sources */ = {isa = PBXBuildFile; fileRef = BC839FB72D31768900D92776 /* Date+Ext.swift */; };
		BC839FBA2D31770E00D92776 /* CalendarView.swift in Sources */ = {isa = PBXBuildFile; fileRef = BC839FB92D31770E00D92776 /* CalendarView.swift */; };
		BC839FBC2D31776300D92776 /* CalendarViewModel.swift in Sources */ = {isa = PBXBuildFile; fileRef = BC839FBB2D31775700D92776 /* CalendarViewModel.swift */; };
		BC839FBE2D31812400D92776 /* CalendarCodeView.swift in Sources */ = {isa = PBXBuildFile; fileRef = BC839FBD2D31811600D92776 /* CalendarCodeView.swift */; };
		BCCC5F552D32C79000BFE53D /* CameraFeature.swift in Sources */ = {isa = PBXBuildFile; fileRef = BCCC5F542D32C79000BFE53D /* CameraFeature.swift */; };
		BCCC5F572D32C7B500BFE53D /* CameraView.swift in Sources */ = {isa = PBXBuildFile; fileRef = BCCC5F562D32C7B500BFE53D /* CameraView.swift */; };
		BCCC5F592D32C7CE00BFE53D /* CameraSession.swift in Sources */ = {isa = PBXBuildFile; fileRef = BCCC5F582D32C7CE00BFE53D /* CameraSession.swift */; };
		BCCC5F5B2D32C7F000BFE53D /* CameraPreviewView.swift in Sources */ = {isa = PBXBuildFile; fileRef = BCCC5F5A2D32C7F000BFE53D /* CameraPreviewView.swift */; };
		BCCC5F5D2D32C85B00BFE53D /* StringTracker.swift in Sources */ = {isa = PBXBuildFile; fileRef = BCCC5F5C2D32C85B00BFE53D /* StringTracker.swift */; };
		BCCC5F5F2D32C8A000BFE53D /* Character+Ext.swift in Sources */ = {isa = PBXBuildFile; fileRef = BCCC5F5E2D32C89600BFE53D /* Character+Ext.swift */; };
		BCCC5F612D32C8EC00BFE53D /* String+Ext.swift in Sources */ = {isa = PBXBuildFile; fileRef = BCCC5F602D32C8E400BFE53D /* String+Ext.swift */; };
		BCCC5F682D32CCD700BFE53D /* CutoutOverlayView.swift in Sources */ = {isa = PBXBuildFile; fileRef = BCCC5F672D32CCD700BFE53D /* CutoutOverlayView.swift */; };
		BCCC5F6A2D32CFAD00BFE53D /* VNTextRecognizerView.swift in Sources */ = {isa = PBXBuildFile; fileRef = BCCC5F692D32CF9100BFE53D /* VNTextRecognizerView.swift */; };
/* End PBXBuildFile section */

/* Begin PBXFileReference section */
		BC78C8C22D3063DB00391561 /* ChukShowcase.app */ = {isa = PBXFileReference; explicitFileType = wrapper.application; includeInIndex = 0; path = ChukShowcase.app; sourceTree = BUILT_PRODUCTS_DIR; };
		BC78C90E2D306E5700391561 /* ChukShowcaseApp.swift */ = {isa = PBXFileReference; lastKnownFileType = sourcecode.swift; path = ChukShowcaseApp.swift; sourceTree = "<group>"; };
		BC78C9112D306E5700391561 /* AudioPlayerService.swift */ = {isa = PBXFileReference; lastKnownFileType = sourcecode.swift; path = AudioPlayerService.swift; sourceTree = "<group>"; };
		BC78C9132D306E5700391561 /* AudioCodeView.swift */ = {isa = PBXFileReference; lastKnownFileType = sourcecode.swift; path = AudioCodeView.swift; sourceTree = "<group>"; };
		BC78C9142D306E5700391561 /* AudioDemoView.swift */ = {isa = PBXFileReference; lastKnownFileType = sourcecode.swift; path = AudioDemoView.swift; sourceTree = "<group>"; };
		BC78C9172D306E5700391561 /* ShowcaseView.swift */ = {isa = PBXFileReference; lastKnownFileType = sourcecode.swift; path = ShowcaseView.swift; sourceTree = "<group>"; };
		BC78C9192D306E5700391561 /* Preview Assets.xcassets */ = {isa = PBXFileReference; lastKnownFileType = folder.assetcatalog; path = "Preview Assets.xcassets"; sourceTree = "<group>"; };
		BC78C91B2D306E5700391561 /* Assets.xcassets */ = {isa = PBXFileReference; lastKnownFileType = folder.assetcatalog; path = Assets.xcassets; sourceTree = "<group>"; };
		BC78C91D2D306E5700391561 /* ChukShowcase.entitlements */ = {isa = PBXFileReference; lastKnownFileType = text.plist.entitlements; path = ChukShowcase.entitlements; sourceTree = "<group>"; };
		BC78C9292D306EAD00391561 /* ShowcaseManager.swift */ = {isa = PBXFileReference; lastKnownFileType = sourcecode.swift; path = ShowcaseManager.swift; sourceTree = "<group>"; };
		BC78C92F2D3070A500391561 /* CodeBlockView.swift */ = {isa = PBXFileReference; lastKnownFileType = sourcecode.swift; path = CodeBlockView.swift; sourceTree = "<group>"; };
		BC78C9312D3071AD00391561 /* Coordinator.swift */ = {isa = PBXFileReference; lastKnownFileType = sourcecode.swift; path = Coordinator.swift; sourceTree = "<group>"; };
		BC78C9332D3072CA00391561 /* CoordinatorView.swift */ = {isa = PBXFileReference; lastKnownFileType = sourcecode.swift; path = CoordinatorView.swift; sourceTree = "<group>"; };
		BC78C9372D30736A00391561 /* ColorManager.swift */ = {isa = PBXFileReference; lastKnownFileType = sourcecode.swift; path = ColorManager.swift; sourceTree = "<group>"; };
		BC839FB12D3175DE00D92776 /* CalendarHelper.swift */ = {isa = PBXFileReference; lastKnownFileType = sourcecode.swift; path = CalendarHelper.swift; sourceTree = "<group>"; };
		BC839FB42D31761100D92776 /* DateValue.swift */ = {isa = PBXFileReference; lastKnownFileType = sourcecode.swift; path = DateValue.swift; sourceTree = "<group>"; };
		BC839FB72D31768900D92776 /* Date+Ext.swift */ = {isa = PBXFileReference; lastKnownFileType = sourcecode.swift; path = "Date+Ext.swift"; sourceTree = "<group>"; };
		BC839FB92D31770E00D92776 /* CalendarView.swift */ = {isa = PBXFileReference; lastKnownFileType = sourcecode.swift; path = CalendarView.swift; sourceTree = "<group>"; };
		BC839FBB2D31775700D92776 /* CalendarViewModel.swift */ = {isa = PBXFileReference; lastKnownFileType = sourcecode.swift; path = CalendarViewModel.swift; sourceTree = "<group>"; };
		BC839FBD2D31811600D92776 /* CalendarCodeView.swift */ = {isa = PBXFileReference; lastKnownFileType = sourcecode.swift; path = CalendarCodeView.swift; sourceTree = "<group>"; };
		BCCC5F542D32C79000BFE53D /* CameraFeature.swift */ = {isa = PBXFileReference; lastKnownFileType = sourcecode.swift; path = CameraFeature.swift; sourceTree = "<group>"; };
		BCCC5F562D32C7B500BFE53D /* CameraView.swift */ = {isa = PBXFileReference; lastKnownFileType = sourcecode.swift; path = CameraView.swift; sourceTree = "<group>"; };
		BCCC5F582D32C7CE00BFE53D /* CameraSession.swift */ = {isa = PBXFileReference; lastKnownFileType = sourcecode.swift; path = CameraSession.swift; sourceTree = "<group>"; };
		BCCC5F5A2D32C7F000BFE53D /* CameraPreviewView.swift */ = {isa = PBXFileReference; lastKnownFileType = sourcecode.swift; path = CameraPreviewView.swift; sourceTree = "<group>"; };
		BCCC5F5C2D32C85B00BFE53D /* StringTracker.swift */ = {isa = PBXFileReference; lastKnownFileType = sourcecode.swift; path = StringTracker.swift; sourceTree = "<group>"; };
		BCCC5F5E2D32C89600BFE53D /* Character+Ext.swift */ = {isa = PBXFileReference; lastKnownFileType = sourcecode.swift; path = "Character+Ext.swift"; sourceTree = "<group>"; };
		BCCC5F602D32C8E400BFE53D /* String+Ext.swift */ = {isa = PBXFileReference; lastKnownFileType = sourcecode.swift; path = "String+Ext.swift"; sourceTree = "<group>"; };
		BCCC5F672D32CCD700BFE53D /* CutoutOverlayView.swift */ = {isa = PBXFileReference; lastKnownFileType = sourcecode.swift; path = CutoutOverlayView.swift; sourceTree = "<group>"; };
		BCCC5F692D32CF9100BFE53D /* VNTextRecognizerView.swift */ = {isa = PBXFileReference; lastKnownFileType = sourcecode.swift; path = VNTextRecognizerView.swift; sourceTree = "<group>"; };
/* End PBXFileReference section */

/* Begin PBXFrameworksBuildPhase section */
		BC78C8BF2D3063DB00391561 /* Frameworks */ = {
			isa = PBXFrameworksBuildPhase;
			buildActionMask = 2147483647;
			files = (
			);
			runOnlyForDeploymentPostprocessing = 0;
		};
/* End PBXFrameworksBuildPhase section */

/* Begin PBXGroup section */
		BC78C8B92D3063DB00391561 = {
			isa = PBXGroup;
			children = (
				BC78C91E2D306E5700391561 /* ChukShowcase */,
				BC78C8C32D3063DB00391561 /* Products */,
			);
			sourceTree = "<group>";
		};
		BC78C8C32D3063DB00391561 /* Products */ = {
			isa = PBXGroup;
			children = (
				BC78C8C22D3063DB00391561 /* ChukShowcase.app */,
			);
			name = Products;
			sourceTree = "<group>";
		};
		BC78C90F2D306E5700391561 /* App */ = {
			isa = PBXGroup;
			children = (
				BC78C90E2D306E5700391561 /* ChukShowcaseApp.swift */,
			);
			path = App;
			sourceTree = "<group>";
		};
		BC78C9122D306E5700391561 /* Services */ = {
			isa = PBXGroup;
			children = (
				BC78C9112D306E5700391561 /* AudioPlayerService.swift */,
			);
			path = Services;
			sourceTree = "<group>";
		};
		BC78C9152D306E5700391561 /* Views */ = {
			isa = PBXGroup;
			children = (
				BC78C9132D306E5700391561 /* AudioCodeView.swift */,
				BC78C9142D306E5700391561 /* AudioDemoView.swift */,
			);
			path = Views;
			sourceTree = "<group>";
		};
		BC78C9162D306E5700391561 /* Audio */ = {
			isa = PBXGroup;
			children = (
				BC78C9122D306E5700391561 /* Services */,
				BC78C9152D306E5700391561 /* Views */,
			);
			path = Audio;
			sourceTree = "<group>";
		};
		BC78C9182D306E5700391561 /* Features */ = {
			isa = PBXGroup;
			children = (
				BCCC5F522D32C75600BFE53D /* VNTextRecognizer */,
				BC839FAD2D31751400D92776 /* Calendar */,
				BC78C9162D306E5700391561 /* Audio */,
				BC78C9172D306E5700391561 /* ShowcaseView.swift */,
			);
			path = Features;
			sourceTree = "<group>";
		};
		BC78C91A2D306E5700391561 /* Preview Content */ = {
			isa = PBXGroup;
			children = (
				BC78C9192D306E5700391561 /* Preview Assets.xcassets */,
			);
			path = "Preview Content";
			sourceTree = "<group>";
		};
		BC78C91C2D306E5700391561 /* Resources */ = {
			isa = PBXGroup;
			children = (
				BC78C91B2D306E5700391561 /* Assets.xcassets */,
			);
			path = Resources;
			sourceTree = "<group>";
		};
		BC78C91E2D306E5700391561 /* ChukShowcase */ = {
			isa = PBXGroup;
			children = (
				BC78C90F2D306E5700391561 /* App */,
				BC78C9262D306E6500391561 /* Core */,
				BC78C9182D306E5700391561 /* Features */,
				BC78C91C2D306E5700391561 /* Resources */,
				BC78C91A2D306E5700391561 /* Preview Content */,
				BC78C91D2D306E5700391561 /* ChukShowcase.entitlements */,
			);
			path = ChukShowcase;
			sourceTree = "<group>";
		};
		BC78C9262D306E6500391561 /* Core */ = {
			isa = PBXGroup;
			children = (
				BC78C9272D306E7900391561 /* Coordinator */,
				BC78C9282D306E8700391561 /* Manager */,
				BC78C92C2D306F4900391561 /* UI */,
				BC78C92B2D306F3E00391561 /* Common */,
			);
			path = Core;
			sourceTree = "<group>";
		};
		BC78C9272D306E7900391561 /* Coordinator */ = {
			isa = PBXGroup;
			children = (
				BC78C9332D3072CA00391561 /* CoordinatorView.swift */,
				BC78C9312D3071AD00391561 /* Coordinator.swift */,
			);
			path = Coordinator;
			sourceTree = "<group>";
		};
		BC78C9282D306E8700391561 /* Manager */ = {
			isa = PBXGroup;
			children = (
				BC78C9292D306EAD00391561 /* ShowcaseManager.swift */,
			);
			path = Manager;
			sourceTree = "<group>";
		};
		BC78C92B2D306F3E00391561 /* Common */ = {
			isa = PBXGroup;
			children = (
				BC839FB62D31763B00D92776 /* Extensions */,
			);
			path = Common;
			sourceTree = "<group>";
		};
		BC78C92C2D306F4900391561 /* UI */ = {
			isa = PBXGroup;
			children = (
				BC78C9352D30735100391561 /* Theme */,
				BC78C92D2D306F5500391561 /* Components */,
			);
			path = UI;
			sourceTree = "<group>";
		};
		BC78C92D2D306F5500391561 /* Components */ = {
			isa = PBXGroup;
			children = (
				BC78C92E2D30709200391561 /* CodeBlock */,
			);
			path = Components;
			sourceTree = "<group>";
		};
		BC78C92E2D30709200391561 /* CodeBlock */ = {
			isa = PBXGroup;
			children = (
				BC78C92F2D3070A500391561 /* CodeBlockView.swift */,
			);
			path = CodeBlock;
			sourceTree = "<group>";
		};
		BC78C9352D30735100391561 /* Theme */ = {
			isa = PBXGroup;
			children = (
				BC78C9362D30735B00391561 /* Styling */,
			);
			path = Theme;
			sourceTree = "<group>";
		};
		BC78C9362D30735B00391561 /* Styling */ = {
			isa = PBXGroup;
			children = (
				BC78C9372D30736A00391561 /* ColorManager.swift */,
			);
			path = Styling;
			sourceTree = "<group>";
		};
		BC839FAD2D31751400D92776 /* Calendar */ = {
			isa = PBXGroup;
			children = (
				BC839FB32D3175EC00D92776 /* Models */,
				BC839FAF2D31753300D92776 /* ViewModels */,
				BC839FAE2D31752900D92776 /* Views */,
				BCCC5F632D32CB6C00BFE53D /* Common */,
			);
			path = Calendar;
			sourceTree = "<group>";
		};
		BC839FAE2D31752900D92776 /* Views */ = {
			isa = PBXGroup;
			children = (
				BC839FBD2D31811600D92776 /* CalendarCodeView.swift */,
				BC839FB92D31770E00D92776 /* CalendarView.swift */,
			);
			path = Views;
			sourceTree = "<group>";
		};
		BC839FAF2D31753300D92776 /* ViewModels */ = {
			isa = PBXGroup;
			children = (
				BC839FBB2D31775700D92776 /* CalendarViewModel.swift */,
			);
			path = ViewModels;
			sourceTree = "<group>";
		};
		BC839FB02D31754A00D92776 /* Utils */ = {
			isa = PBXGroup;
			children = (
				BC839FB12D3175DE00D92776 /* CalendarHelper.swift */,
			);
			path = Utils;
			sourceTree = "<group>";
		};
		BC839FB32D3175EC00D92776 /* Models */ = {
			isa = PBXGroup;
			children = (
				BC839FB42D31761100D92776 /* DateValue.swift */,
			);
			path = Models;
			sourceTree = "<group>";
		};
		BC839FB62D31763B00D92776 /* Extensions */ = {
			isa = PBXGroup;
			children = (
				BC839FB72D31768900D92776 /* Date+Ext.swift */,
			);
			path = Extensions;
			sourceTree = "<group>";
		};
		BCCC5F522D32C75600BFE53D /* VNTextRecognizer */ = {
			isa = PBXGroup;
			children = (
				BCCC5F662D32CC5F00BFE53D /* Managers */,
				BCCC5F532D32C77400BFE53D /* Views */,
				BCCC5F622D32CB5200BFE53D /* Common */,
			);
			path = VNTextRecognizer;
			sourceTree = "<group>";
		};
		BCCC5F532D32C77400BFE53D /* Views */ = {
			isa = PBXGroup;
			children = (
				BCCC5F6B2D32D00800BFE53D /* CameraViews */,
				BCCC5F692D32CF9100BFE53D /* VNTextRecognizerView.swift */,
			);
			path = Views;
			sourceTree = "<group>";
		};
		BCCC5F622D32CB5200BFE53D /* Common */ = {
			isa = PBXGroup;
			children = (
				BCCC5F642D32CB9400BFE53D /* Extensions */,
				BCCC5F652D32CBA000BFE53D /* Utils */,
			);
			path = Common;
			sourceTree = "<group>";
		};
		BCCC5F632D32CB6C00BFE53D /* Common */ = {
			isa = PBXGroup;
			children = (
				BC839FB02D31754A00D92776 /* Utils */,
			);
			path = Common;
			sourceTree = "<group>";
		};
		BCCC5F642D32CB9400BFE53D /* Extensions */ = {
			isa = PBXGroup;
			children = (
				BCCC5F602D32C8E400BFE53D /* String+Ext.swift */,
				BCCC5F5E2D32C89600BFE53D /* Character+Ext.swift */,
			);
			path = Extensions;
			sourceTree = "<group>";
		};
		BCCC5F652D32CBA000BFE53D /* Utils */ = {
			isa = PBXGroup;
			children = (
				BCCC5F5C2D32C85B00BFE53D /* StringTracker.swift */,
			);
			path = Utils;
			sourceTree = "<group>";
		};
		BCCC5F662D32CC5F00BFE53D /* Managers */ = {
			isa = PBXGroup;
			children = (
				BCCC5F542D32C79000BFE53D /* CameraFeature.swift */,
				BCCC5F582D32C7CE00BFE53D /* CameraSession.swift */,
			);
			path = Managers;
			sourceTree = "<group>";
		};
		BCCC5F6B2D32D00800BFE53D /* CameraViews */ = {
			isa = PBXGroup;
			children = (
				BCCC5F672D32CCD700BFE53D /* CutoutOverlayView.swift */,
				BCCC5F562D32C7B500BFE53D /* CameraView.swift */,
				BCCC5F5A2D32C7F000BFE53D /* CameraPreviewView.swift */,
			);
			path = CameraViews;
			sourceTree = "<group>";
		};
/* End PBXGroup section */

/* Begin PBXNativeTarget section */
		BC78C8C12D3063DB00391561 /* ChukShowcase */ = {
			isa = PBXNativeTarget;
			buildConfigurationList = BC78C8D12D3063DE00391561 /* Build configuration list for PBXNativeTarget "ChukShowcase" */;
			buildPhases = (
				BC78C8BE2D3063DB00391561 /* Sources */,
				BC78C8BF2D3063DB00391561 /* Frameworks */,
				BC78C8C02D3063DB00391561 /* Resources */,
			);
			buildRules = (
			);
			dependencies = (
			);
			name = ChukShowcase;
			packageProductDependencies = (
			);
			productName = AppleFrameShowcase;
			productReference = BC78C8C22D3063DB00391561 /* ChukShowcase.app */;
			productType = "com.apple.product-type.application";
		};
/* End PBXNativeTarget section */

/* Begin PBXProject section */
		BC78C8BA2D3063DB00391561 /* Project object */ = {
			isa = PBXProject;
			attributes = {
				BuildIndependentTargetsInParallel = 1;
				LastSwiftUpdateCheck = 1600;
				LastUpgradeCheck = 1600;
				TargetAttributes = {
					BC78C8C12D3063DB00391561 = {
						CreatedOnToolsVersion = 16.0;
					};
				};
			};
			buildConfigurationList = BC78C8BD2D3063DB00391561 /* Build configuration list for PBXProject "ChukShowcase" */;
			developmentRegion = en;
			hasScannedForEncodings = 0;
			knownRegions = (
				en,
				Base,
			);
			mainGroup = BC78C8B92D3063DB00391561;
			minimizedProjectReferenceProxies = 1;
			preferredProjectObjectVersion = 77;
			productRefGroup = BC78C8C32D3063DB00391561 /* Products */;
			projectDirPath = "";
			projectRoot = "";
			targets = (
				BC78C8C12D3063DB00391561 /* ChukShowcase */,
			);
		};
/* End PBXProject section */

/* Begin PBXResourcesBuildPhase section */
		BC78C8C02D3063DB00391561 /* Resources */ = {
			isa = PBXResourcesBuildPhase;
			buildActionMask = 2147483647;
			files = (
				BC78C9242D306E5700391561 /* Preview Assets.xcassets in Resources */,
				BC78C9252D306E5700391561 /* Assets.xcassets in Resources */,
			);
			runOnlyForDeploymentPostprocessing = 0;
		};
/* End PBXResourcesBuildPhase section */

/* Begin PBXSourcesBuildPhase section */
		BC78C8BE2D3063DB00391561 /* Sources */ = {
			isa = PBXSourcesBuildPhase;
			buildActionMask = 2147483647;
			files = (
				BC78C9322D3071BA00391561 /* Coordinator.swift in Sources */,
				BCCC5F5D2D32C85B00BFE53D /* StringTracker.swift in Sources */,
				BC839FBE2D31812400D92776 /* CalendarCodeView.swift in Sources */,
				BC78C9382D30736A00391561 /* ColorManager.swift in Sources */,
				BCCC5F572D32C7B500BFE53D /* CameraView.swift in Sources */,
				BCCC5F552D32C79000BFE53D /* CameraFeature.swift in Sources */,
				BCCC5F592D32C7CE00BFE53D /* CameraSession.swift in Sources */,
				BCCC5F612D32C8EC00BFE53D /* String+Ext.swift in Sources */,
				BCCC5F5F2D32C8A000BFE53D /* Character+Ext.swift in Sources */,
				BC839FB82D31769100D92776 /* Date+Ext.swift in Sources */,
				BC78C9342D3072CA00391561 /* CoordinatorView.swift in Sources */,
				BCCC5F682D32CCD700BFE53D /* CutoutOverlayView.swift in Sources */,
				BC78C9302D3070A500391561 /* CodeBlockView.swift in Sources */,
				BC78C91F2D306E5700391561 /* ChukShowcaseApp.swift in Sources */,
				BC78C9202D306E5700391561 /* AudioPlayerService.swift in Sources */,
				BC78C92A2D306EAD00391561 /* ShowcaseManager.swift in Sources */,
				BCCC5F5B2D32C7F000BFE53D /* CameraPreviewView.swift in Sources */,
				BC839FBA2D31770E00D92776 /* CalendarView.swift in Sources */,
				BC839FBC2D31776300D92776 /* CalendarViewModel.swift in Sources */,
				BCCC5F6A2D32CFAD00BFE53D /* VNTextRecognizerView.swift in Sources */,
				BC839FB22D3175DE00D92776 /* CalendarHelper.swift in Sources */,
				BC78C9212D306E5700391561 /* AudioCodeView.swift in Sources */,
				BC839FB52D31761100D92776 /* DateValue.swift in Sources */,
				BC78C9222D306E5700391561 /* AudioDemoView.swift in Sources */,
				BC78C9232D306E5700391561 /* ShowcaseView.swift in Sources */,
			);
			runOnlyForDeploymentPostprocessing = 0;
		};
/* End PBXSourcesBuildPhase section */

/* Begin XCBuildConfiguration section */
		BC78C8CF2D3063DE00391561 /* Debug */ = {
			isa = XCBuildConfiguration;
			buildSettings = {
				ALWAYS_SEARCH_USER_PATHS = NO;
				ASSETCATALOG_COMPILER_GENERATE_SWIFT_ASSET_SYMBOL_EXTENSIONS = YES;
				CLANG_ANALYZER_NONNULL = YES;
				CLANG_ANALYZER_NUMBER_OBJECT_CONVERSION = YES_AGGRESSIVE;
				CLANG_CXX_LANGUAGE_STANDARD = "gnu++20";
				CLANG_ENABLE_MODULES = YES;
				CLANG_ENABLE_OBJC_ARC = YES;
				CLANG_ENABLE_OBJC_WEAK = YES;
				CLANG_WARN_BLOCK_CAPTURE_AUTORELEASING = YES;
				CLANG_WARN_BOOL_CONVERSION = YES;
				CLANG_WARN_COMMA = YES;
				CLANG_WARN_CONSTANT_CONVERSION = YES;
				CLANG_WARN_DEPRECATED_OBJC_IMPLEMENTATIONS = YES;
				CLANG_WARN_DIRECT_OBJC_ISA_USAGE = YES_ERROR;
				CLANG_WARN_DOCUMENTATION_COMMENTS = YES;
				CLANG_WARN_EMPTY_BODY = YES;
				CLANG_WARN_ENUM_CONVERSION = YES;
				CLANG_WARN_INFINITE_RECURSION = YES;
				CLANG_WARN_INT_CONVERSION = YES;
				CLANG_WARN_NON_LITERAL_NULL_CONVERSION = YES;
				CLANG_WARN_OBJC_IMPLICIT_RETAIN_SELF = YES;
				CLANG_WARN_OBJC_LITERAL_CONVERSION = YES;
				CLANG_WARN_OBJC_ROOT_CLASS = YES_ERROR;
				CLANG_WARN_QUOTED_INCLUDE_IN_FRAMEWORK_HEADER = YES;
				CLANG_WARN_RANGE_LOOP_ANALYSIS = YES;
				CLANG_WARN_STRICT_PROTOTYPES = YES;
				CLANG_WARN_SUSPICIOUS_MOVE = YES;
				CLANG_WARN_UNGUARDED_AVAILABILITY = YES_AGGRESSIVE;
				CLANG_WARN_UNREACHABLE_CODE = YES;
				CLANG_WARN__DUPLICATE_METHOD_MATCH = YES;
				COPY_PHASE_STRIP = NO;
				DEBUG_INFORMATION_FORMAT = dwarf;
				ENABLE_STRICT_OBJC_MSGSEND = YES;
				ENABLE_TESTABILITY = YES;
				ENABLE_USER_SCRIPT_SANDBOXING = YES;
				GCC_C_LANGUAGE_STANDARD = gnu17;
				GCC_DYNAMIC_NO_PIC = NO;
				GCC_NO_COMMON_BLOCKS = YES;
				GCC_OPTIMIZATION_LEVEL = 0;
				GCC_PREPROCESSOR_DEFINITIONS = (
					"DEBUG=1",
					"$(inherited)",
				);
				GCC_WARN_64_TO_32_BIT_CONVERSION = YES;
				GCC_WARN_ABOUT_RETURN_TYPE = YES_ERROR;
				GCC_WARN_UNDECLARED_SELECTOR = YES;
				GCC_WARN_UNINITIALIZED_AUTOS = YES_AGGRESSIVE;
				GCC_WARN_UNUSED_FUNCTION = YES;
				GCC_WARN_UNUSED_VARIABLE = YES;
				LOCALIZATION_PREFERS_STRING_CATALOGS = YES;
				MTL_ENABLE_DEBUG_INFO = INCLUDE_SOURCE;
				MTL_FAST_MATH = YES;
				ONLY_ACTIVE_ARCH = YES;
				SWIFT_ACTIVE_COMPILATION_CONDITIONS = "DEBUG $(inherited)";
				SWIFT_OPTIMIZATION_LEVEL = "-Onone";
			};
			name = Debug;
		};
		BC78C8D02D3063DE00391561 /* Release */ = {
			isa = XCBuildConfiguration;
			buildSettings = {
				ALWAYS_SEARCH_USER_PATHS = NO;
				ASSETCATALOG_COMPILER_GENERATE_SWIFT_ASSET_SYMBOL_EXTENSIONS = YES;
				CLANG_ANALYZER_NONNULL = YES;
				CLANG_ANALYZER_NUMBER_OBJECT_CONVERSION = YES_AGGRESSIVE;
				CLANG_CXX_LANGUAGE_STANDARD = "gnu++20";
				CLANG_ENABLE_MODULES = YES;
				CLANG_ENABLE_OBJC_ARC = YES;
				CLANG_ENABLE_OBJC_WEAK = YES;
				CLANG_WARN_BLOCK_CAPTURE_AUTORELEASING = YES;
				CLANG_WARN_BOOL_CONVERSION = YES;
				CLANG_WARN_COMMA = YES;
				CLANG_WARN_CONSTANT_CONVERSION = YES;
				CLANG_WARN_DEPRECATED_OBJC_IMPLEMENTATIONS = YES;
				CLANG_WARN_DIRECT_OBJC_ISA_USAGE = YES_ERROR;
				CLANG_WARN_DOCUMENTATION_COMMENTS = YES;
				CLANG_WARN_EMPTY_BODY = YES;
				CLANG_WARN_ENUM_CONVERSION = YES;
				CLANG_WARN_INFINITE_RECURSION = YES;
				CLANG_WARN_INT_CONVERSION = YES;
				CLANG_WARN_NON_LITERAL_NULL_CONVERSION = YES;
				CLANG_WARN_OBJC_IMPLICIT_RETAIN_SELF = YES;
				CLANG_WARN_OBJC_LITERAL_CONVERSION = YES;
				CLANG_WARN_OBJC_ROOT_CLASS = YES_ERROR;
				CLANG_WARN_QUOTED_INCLUDE_IN_FRAMEWORK_HEADER = YES;
				CLANG_WARN_RANGE_LOOP_ANALYSIS = YES;
				CLANG_WARN_STRICT_PROTOTYPES = YES;
				CLANG_WARN_SUSPICIOUS_MOVE = YES;
				CLANG_WARN_UNGUARDED_AVAILABILITY = YES_AGGRESSIVE;
				CLANG_WARN_UNREACHABLE_CODE = YES;
				CLANG_WARN__DUPLICATE_METHOD_MATCH = YES;
				COPY_PHASE_STRIP = NO;
				DEBUG_INFORMATION_FORMAT = "dwarf-with-dsym";
				ENABLE_NS_ASSERTIONS = NO;
				ENABLE_STRICT_OBJC_MSGSEND = YES;
				ENABLE_USER_SCRIPT_SANDBOXING = YES;
				GCC_C_LANGUAGE_STANDARD = gnu17;
				GCC_NO_COMMON_BLOCKS = YES;
				GCC_WARN_64_TO_32_BIT_CONVERSION = YES;
				GCC_WARN_ABOUT_RETURN_TYPE = YES_ERROR;
				GCC_WARN_UNDECLARED_SELECTOR = YES;
				GCC_WARN_UNINITIALIZED_AUTOS = YES_AGGRESSIVE;
				GCC_WARN_UNUSED_FUNCTION = YES;
				GCC_WARN_UNUSED_VARIABLE = YES;
				LOCALIZATION_PREFERS_STRING_CATALOGS = YES;
				MTL_ENABLE_DEBUG_INFO = NO;
				MTL_FAST_MATH = YES;
				SWIFT_COMPILATION_MODE = wholemodule;
			};
			name = Release;
		};
		BC78C8D22D3063DE00391561 /* Debug */ = {
			isa = XCBuildConfiguration;
			buildSettings = {
				ASSETCATALOG_COMPILER_APPICON_NAME = AppIcon;
				ASSETCATALOG_COMPILER_GLOBAL_ACCENT_COLOR_NAME = AccentColor;
				CODE_SIGN_ENTITLEMENTS = ChukShowcase/ChukShowcase.entitlements;
				CODE_SIGN_STYLE = Automatic;
				CURRENT_PROJECT_VERSION = 1;
				DEVELOPMENT_ASSET_PATHS = "\"ChukShowcase/Preview Content\"";
				DEVELOPMENT_TEAM = P67PNAMVCQ;
				ENABLE_HARDENED_RUNTIME = YES;
				ENABLE_PREVIEWS = YES;
				GENERATE_INFOPLIST_FILE = YES;
				INFOPLIST_KEY_NSCameraUsageDescription = "We need your camera to take photos";
				"INFOPLIST_KEY_UIApplicationSceneManifest_Generation[sdk=iphoneos*]" = YES;
				"INFOPLIST_KEY_UIApplicationSceneManifest_Generation[sdk=iphonesimulator*]" = YES;
				"INFOPLIST_KEY_UIApplicationSupportsIndirectInputEvents[sdk=iphoneos*]" = YES;
				"INFOPLIST_KEY_UIApplicationSupportsIndirectInputEvents[sdk=iphonesimulator*]" = YES;
				"INFOPLIST_KEY_UILaunchScreen_Generation[sdk=iphoneos*]" = YES;
				"INFOPLIST_KEY_UILaunchScreen_Generation[sdk=iphonesimulator*]" = YES;
				"INFOPLIST_KEY_UIStatusBarStyle[sdk=iphoneos*]" = UIStatusBarStyleDefault;
				"INFOPLIST_KEY_UIStatusBarStyle[sdk=iphonesimulator*]" = UIStatusBarStyleDefault;
				INFOPLIST_KEY_UISupportedInterfaceOrientations_iPad = "UIInterfaceOrientationPortrait UIInterfaceOrientationPortraitUpsideDown UIInterfaceOrientationLandscapeLeft UIInterfaceOrientationLandscapeRight";
				INFOPLIST_KEY_UISupportedInterfaceOrientations_iPhone = "UIInterfaceOrientationPortrait UIInterfaceOrientationLandscapeLeft UIInterfaceOrientationLandscapeRight";
				IPHONEOS_DEPLOYMENT_TARGET = 17.0;
				LD_RUNPATH_SEARCH_PATHS = "@executable_path/Frameworks";
				"LD_RUNPATH_SEARCH_PATHS[sdk=macosx*]" = "@executable_path/../Frameworks";
				MACOSX_DEPLOYMENT_TARGET = 15.0;
				MARKETING_VERSION = 1.0;
				PRODUCT_BUNDLE_IDENTIFIER = com.ecodes.ChukShowcase;
				PRODUCT_NAME = "$(TARGET_NAME)";
				SDKROOT = auto;
				SUPPORTED_PLATFORMS = "iphoneos iphonesimulator xros xrsimulator";
				SUPPORTS_MACCATALYST = NO;
				SWIFT_EMIT_LOC_STRINGS = YES;
				SWIFT_VERSION = 5.0;
				TARGETED_DEVICE_FAMILY = "1,2,7";
				XROS_DEPLOYMENT_TARGET = 2.0;
			};
			name = Debug;
		};
		BC78C8D32D3063DE00391561 /* Release */ = {
			isa = XCBuildConfiguration;
			buildSettings = {
				ASSETCATALOG_COMPILER_APPICON_NAME = AppIcon;
				ASSETCATALOG_COMPILER_GLOBAL_ACCENT_COLOR_NAME = AccentColor;
				CODE_SIGN_ENTITLEMENTS = ChukShowcase/ChukShowcase.entitlements;
				CODE_SIGN_STYLE = Automatic;
				CURRENT_PROJECT_VERSION = 1;
				DEVELOPMENT_ASSET_PATHS = "\"ChukShowcase/Preview Content\"";
				DEVELOPMENT_TEAM = P67PNAMVCQ;
				ENABLE_HARDENED_RUNTIME = YES;
				ENABLE_PREVIEWS = YES;
				GENERATE_INFOPLIST_FILE = YES;
				INFOPLIST_KEY_NSCameraUsageDescription = "We need your camera to take photos";
				"INFOPLIST_KEY_UIApplicationSceneManifest_Generation[sdk=iphoneos*]" = YES;
				"INFOPLIST_KEY_UIApplicationSceneManifest_Generation[sdk=iphonesimulator*]" = YES;
				"INFOPLIST_KEY_UIApplicationSupportsIndirectInputEvents[sdk=iphoneos*]" = YES;
				"INFOPLIST_KEY_UIApplicationSupportsIndirectInputEvents[sdk=iphonesimulator*]" = YES;
				"INFOPLIST_KEY_UILaunchScreen_Generation[sdk=iphoneos*]" = YES;
				"INFOPLIST_KEY_UILaunchScreen_Generation[sdk=iphonesimulator*]" = YES;
				"INFOPLIST_KEY_UIStatusBarStyle[sdk=iphoneos*]" = UIStatusBarStyleDefault;
				"INFOPLIST_KEY_UIStatusBarStyle[sdk=iphonesimulator*]" = UIStatusBarStyleDefault;
				INFOPLIST_KEY_UISupportedInterfaceOrientations_iPad = "UIInterfaceOrientationPortrait UIInterfaceOrientationPortraitUpsideDown UIInterfaceOrientationLandscapeLeft UIInterfaceOrientationLandscapeRight";
				INFOPLIST_KEY_UISupportedInterfaceOrientations_iPhone = "UIInterfaceOrientationPortrait UIInterfaceOrientationLandscapeLeft UIInterfaceOrientationLandscapeRight";
				IPHONEOS_DEPLOYMENT_TARGET = 17.0;
				LD_RUNPATH_SEARCH_PATHS = "@executable_path/Frameworks";
				"LD_RUNPATH_SEARCH_PATHS[sdk=macosx*]" = "@executable_path/../Frameworks";
				MACOSX_DEPLOYMENT_TARGET = 15.0;
				MARKETING_VERSION = 1.0;
				PRODUCT_BUNDLE_IDENTIFIER = com.ecodes.ChukShowcase;
				PRODUCT_NAME = "$(TARGET_NAME)";
				SDKROOT = auto;
				SUPPORTED_PLATFORMS = "iphoneos iphonesimulator xros xrsimulator";
				SUPPORTS_MACCATALYST = NO;
				SWIFT_EMIT_LOC_STRINGS = YES;
				SWIFT_VERSION = 5.0;
				TARGETED_DEVICE_FAMILY = "1,2,7";
				XROS_DEPLOYMENT_TARGET = 2.0;
			};
			name = Release;
		};
/* End XCBuildConfiguration section */

/* Begin XCConfigurationList section */
		BC78C8BD2D3063DB00391561 /* Build configuration list for PBXProject "ChukShowcase" */ = {
			isa = XCConfigurationList;
			buildConfigurations = (
				BC78C8CF2D3063DE00391561 /* Debug */,
				BC78C8D02D3063DE00391561 /* Release */,
			);
			defaultConfigurationIsVisible = 0;
			defaultConfigurationName = Release;
		};
		BC78C8D12D3063DE00391561 /* Build configuration list for PBXNativeTarget "ChukShowcase" */ = {
			isa = XCConfigurationList;
			buildConfigurations = (
				BC78C8D22D3063DE00391561 /* Debug */,
				BC78C8D32D3063DE00391561 /* Release */,
			);
			defaultConfigurationIsVisible = 0;
			defaultConfigurationName = Release;
		};
/* End XCConfigurationList section */
	};
	rootObject = BC78C8BA2D3063DB00391561 /* Project object */;
}
